
Microsoft Visual Studio Solution File, Format Version 12.00
# Visual Studio Express 2012 for Windows Desktop
Project("{FAE04EC0-301F-11D3-BF4B-00C04F79EFBC}") = "ThTemplateGenerator", "ThTemplateGenerator\ThTemplateGenerator.csproj", "{6EC538A2-7F8E-477D-A1CB-083F07F2DE2B}"
EndProject
Global
	GlobalSection(SolutionConfigurationPlatforms) = preSolution
		Debug|Any CPU = Debug|Any CPU
		Release|Any CPU = Release|Any CPU
	EndGlobalSection
	GlobalSection(ProjectConfigurationPlatforms) = postSolution
		{6EC538A2-7F8E-477D-A1CB-083F07F2DE2B}.Debug|Any CPU.ActiveCfg = Debug|Any CPU
		{6EC538A2-7F8E-477D-A1CB-083F07F2DE2B}.Debug|Any CPU.Build.0 = Debug|Any CPU
		{6EC538A2-7F8E-477D-A1CB-083F07F2DE2B}.Release|Any CPU.ActiveCfg = Release|Any CPU
		{6EC538A2-7F8E-477D-A1CB-083F07F2DE2B}.Release|Any CPU.Build.0 = Release|Any CPU
	EndGlobalSection
	GlobalSection(SolutionProperties) = preSolution
		HideSolutionNode = FALSE
	EndGlobalSection
EndGlobal
